
Microsoft Visual Studio Solution File, Format Version 12.00
# Visual Studio Version 16
VisualStudioVersion = 16.0.31624.102
MinimumVisualStudioVersion = 10.0.40219.1
Project("{8BC9CEB8-8B4A-11D0-8D11-00A0C91BC942}") = "UserDataSvcProxy", "UserDataSvcProxy\UserDataSvcProxy.vcxproj", "{D1D2383D-E6F4-4C01-A697-06FBBD98C3AE}"
EndProject
Global
	GlobalSection(SolutionConfigurationPlatforms) = preSolution
		Debug|x64 = Debug|x64
		Debug|x86 = Debug|x86
		Release|x64 = Release|x64
		Release|x86 = Release|x86
	EndGlobalSection
	GlobalSection(ProjectConfigurationPlatforms) = postSolution
		{D1D2383D-E6F4-4C01-A697-06FBBD98C3AE}.Debug|x64.ActiveCfg = Debug|x64
		{D1D2383D-E6F4-4C01-A697-06FBBD98C3AE}.Debug|x64.Build.0 = Debug|x64
		{D1D2383D-E6F4-4C01-A697-06FBBD98C3AE}.Debug|x86.ActiveCfg = Debug|Win32
		{D1D2383D-E6F4-4C01-A697-06FBBD98C3AE}.Debug|x86.Build.0 = Debug|Win32
		{D1D2383D-E6F4-4C01-A697-06FBBD98C3AE}.Release|x64.ActiveCfg = Release|x64
		{D1D2383D-E6F4-4C01-A697-06FBBD98C3AE}.Release|x64.Build.0 = Release|x64
		{D1D2383D-E6F4-4C01-A697-06FBBD98C3AE}.Release|x86.ActiveCfg = Release|Win32
		{D1D2383D-E6F4-4C01-A697-06FBBD98C3AE}.Release|x86.Build.0 = Release|Win32
	EndGlobalSection
	GlobalSection(SolutionProperties) = preSolution
		HideSolutionNode = FALSE
	EndGlobalSection
	GlobalSection(ExtensibilityGlobals) = postSolution
		SolutionGuid = {1768370B-7CDD-4F80-939E-A0A419D3A854}
	EndGlobalSection
EndGlobal
